
Microsoft Visual Studio Solution File, Format Version 12.00
# Visual Studio 15
Project("{FAE04EC0-301F-11D3-BF4B-00C04F79EFBC}") = "Unity.Timeline", "Unity.Timeline.csproj", "{C36DDE52-7107-60BF-BE94-80B18C770B86}"
EndProject
Project("{FAE04EC0-301F-11D3-BF4B-00C04F79EFBC}") = "Unity.RenderPipelines.GPUDriven.Runtime", "Unity.RenderPipelines.GPUDriven.Runtime.csproj", "{6D4212D9-2858-4DAC-EA55-B800D49E41DA}"
EndProject
Project("{FAE04EC0-301F-11D3-BF4B-00C04F79EFBC}") = "Unity.PlasticSCM.Editor", "Unity.PlasticSCM.Editor.csproj", "{D3152F1B-A6AB-8847-0EE4-A66AF872044B}"
EndProject
Project("{FAE04EC0-301F-11D3-BF4B-00C04F79EFBC}") = "Unity.ShaderGraph.Editor", "Unity.ShaderGraph.Editor.csproj", "{2BC6977E-B781-1563-B23B-29276428CDBC}"
EndProject
Project("{FAE04EC0-301F-11D3-BF4B-00C04F79EFBC}") = "Unity.RenderPipelines.Core.Runtime", "Unity.RenderPipelines.Core.Runtime.csproj", "{0F54C32C-9FC7-F450-8840-05D463A1AA51}"
EndProject
Project("{FAE04EC0-301F-11D3-BF4B-00C04F79EFBC}") = "Unity.Mathematics", "Unity.Mathematics.csproj", "{18796553-CFDB-BF6E-E972-3F0463C70AAE}"
EndProject
Project("{FAE04EC0-301F-11D3-BF4B-00C04F79EFBC}") = "Unity.Timeline.Editor", "Unity.Timeline.Editor.csproj", "{E5D13B66-DCF4-4F70-F7EC-EDA78535931C}"
EndProject
Project("{FAE04EC0-301F-11D3-BF4B-00C04F79EFBC}") = "Unity.Multiplayer.Center.Editor", "Unity.Multiplayer.Center.Editor.csproj", "{F0699A14-0FA2-4A0B-CE79-C7E7BDC9FFE7}"
EndProject
Project("{FAE04EC0-301F-11D3-BF4B-00C04F79EFBC}") = "Unity.RenderPipelines.Core.Editor", "Unity.RenderPipelines.Core.Editor.csproj", "{22C817FA-0771-3970-B83A-73121D93EA48}"
EndProject
Project("{FAE04EC0-301F-11D3-BF4B-00C04F79EFBC}") = "Unity.Collections", "Unity.Collections.csproj", "{3373EA60-1F92-2C53-C92C-4D2C6956F5D6}"
EndProject
Project("{FAE04EC0-301F-11D3-BF4B-00C04F79EFBC}") = "UnityEngine.UI", "UnityEngine.UI.csproj", "{38274531-4CC0-ED55-6A82-07B29759A930}"
EndProject
Project("{FAE04EC0-301F-11D3-BF4B-00C04F79EFBC}") = "Unity.RenderPipelines.Universal.2D.Runtime", "Unity.RenderPipelines.Universal.2D.Runtime.csproj", "{4C7A6315-6AAA-6886-CBEB-D796A95E1D23}"
EndProject
Project("{FAE04EC0-301F-11D3-BF4B-00C04F79EFBC}") = "Unity.VisualScripting.Core.Editor", "Unity.VisualScripting.Core.Editor.csproj", "{8A815EEC-CEAC-052B-0E9D-F7216446CB24}"
EndProject
Project("{FAE04EC0-301F-11D3-BF4B-00C04F79EFBC}") = "Unity.RenderPipelines.Universal.Editor", "Unity.RenderPipelines.Universal.Editor.csproj", "{D9399EAC-A73B-CAE7-500C-49BC75EACB8F}"
EndProject
Project("{FAE04EC0-301F-11D3-BF4B-00C04F79EFBC}") = "Unity.PerformanceTesting.Editor", "Unity.PerformanceTesting.Editor.csproj", "{85B981F7-3062-10E6-A965-207C9E13AFD3}"
EndProject
Project("{FAE04EC0-301F-11D3-BF4B-00C04F79EFBC}") = "UnityEngine.TestRunner", "UnityEngine.TestRunner.csproj", "{0362FB80-E575-EE94-8798-BD49D1B6E4F4}"
EndProject
Project("{FAE04EC0-301F-11D3-BF4B-00C04F79EFBC}") = "Unity.Burst", "Unity.Burst.csproj", "{684FFA00-6C01-960F-3D23-042876CA94C1}"
EndProject
Project("{FAE04EC0-301F-11D3-BF4B-00C04F79EFBC}") = "Unity.VisualScripting.Flow.Editor", "Unity.VisualScripting.Flow.Editor.csproj", "{D2FD4172-7FE2-ACF5-A154-607B7D86A56C}"
EndProject
Project("{FAE04EC0-301F-11D3-BF4B-00C04F79EFBC}") = "Unity.VisualStudio.Editor", "Unity.VisualStudio.Editor.csproj", "{DE43A1B1-B9A8-08C8-2C2C-2EA90EC23672}"
EndProject
Project("{FAE04EC0-301F-11D3-BF4B-00C04F79EFBC}") = "Unity.InputSystem", "Unity.InputSystem.csproj", "{D172D444-B46C-D8AF-47F5-C817F77CE4EB}"
EndProject
Project("{FAE04EC0-301F-11D3-BF4B-00C04F79EFBC}") = "PPv2URPConverters", "PPv2URPConverters.csproj", "{BB49149A-7F0A-909D-5607-DF4B5B7EA316}"
EndProject
Project("{FAE04EC0-301F-11D3-BF4B-00C04F79EFBC}") = "Unity.Searcher.Editor", "Unity.Searcher.Editor.csproj", "{CED091F8-880C-27B6-5123-3F4E48E82C6D}"
EndProject
Project("{FAE04EC0-301F-11D3-BF4B-00C04F79EFBC}") = "UnityEditor.TestRunner", "UnityEditor.TestRunner.csproj", "{007D159A-560E-8EB0-AE32-4446E1EB1715}"
EndProject
Project("{FAE04EC0-301F-11D3-BF4B-00C04F79EFBC}") = "Unity.VisualScripting.Core", "Unity.VisualScripting.Core.csproj", "{E98D4E65-8382-59FB-639D-7DE082948566}"
EndProject
Project("{FAE04EC0-301F-11D3-BF4B-00C04F79EFBC}") = "Unity.RenderPipelines.Universal.Runtime", "Unity.RenderPipelines.Universal.Runtime.csproj", "{D64F94D3-375E-2E29-9C25-EDE2C786D4DB}"
EndProject
Project("{FAE04EC0-301F-11D3-BF4B-00C04F79EFBC}") = "Unity.CollabProxy.Editor", "Unity.CollabProxy.Editor.csproj", "{AA7CE881-2093-3F13-C4F1-B907BC0C481F}"
EndProject
Project("{FAE04EC0-301F-11D3-BF4B-00C04F79EFBC}") = "Unity.AI.Navigation.Editor.ConversionSystem", "Unity.AI.Navigation.Editor.ConversionSystem.csproj", "{37F31A08-04F5-5DA6-115F-28EFEF5AE52B}"
EndProject
Project("{FAE04EC0-301F-11D3-BF4B-00C04F79EFBC}") = "Unity.VisualScripting.State.Editor", "Unity.VisualScripting.State.Editor.csproj", "{BACC1101-42D2-8D08-78F4-53016E72D69B}"
EndProject
Project("{FAE04EC0-301F-11D3-BF4B-00C04F79EFBC}") = "Unity.Burst.CodeGen", "Unity.Burst.CodeGen.csproj", "{AECF3CC9-1D58-40D0-7570-1BC92E1D808B}"
EndProject
Project("{FAE04EC0-301F-11D3-BF4B-00C04F79EFBC}") = "Unity.VisualScripting.Flow", "Unity.VisualScripting.Flow.csproj", "{D8B5A9E3-898E-1BF5-F1A2-AF7836832D71}"
EndProject
Project("{FAE04EC0-301F-11D3-BF4B-00C04F79EFBC}") = "Unity.PerformanceTesting", "Unity.PerformanceTesting.csproj", "{ECFD9021-94D2-54B8-7064-34A5FC93F50A}"
EndProject
Project("{FAE04EC0-301F-11D3-BF4B-00C04F79EFBC}") = "Unity.TextMeshPro", "Unity.TextMeshPro.csproj", "{9A5242D3-F826-9A8D-94BD-2E55C9C7B03A}"
EndProject
Project("{FAE04EC0-301F-11D3-BF4B-00C04F79EFBC}") = "Unity.TextMeshPro.Editor", "Unity.TextMeshPro.Editor.csproj", "{44AF472D-C66D-4BFC-EFD5-53D19EB7DBE3}"
EndProject
Project("{FAE04EC0-301F-11D3-BF4B-00C04F79EFBC}") = "Unity.Rendering.LightTransport.Runtime", "Unity.Rendering.LightTransport.Runtime.csproj", "{9C5E56EB-9F39-7ACF-E94C-57C717F0F44C}"
EndProject
Project("{FAE04EC0-301F-11D3-BF4B-00C04F79EFBC}") = "Unity.Burst.Editor", "Unity.Burst.Editor.csproj", "{7F8AFE5D-F1C1-1114-FFAF-A66B8CD866D8}"
EndProject
Project("{FAE04EC0-301F-11D3-BF4B-00C04F79EFBC}") = "Unity.Rider.Editor", "Unity.Rider.Editor.csproj", "{B2BAF9FD-C5B7-673B-A792-1E7D2DC11243}"
EndProject
Project("{FAE04EC0-301F-11D3-BF4B-00C04F79EFBC}") = "Unity.VisualScripting.State", "Unity.VisualScripting.State.csproj", "{407E0406-BD06-67CA-E977-0DEB7C22DD7A}"
EndProject
Project("{FAE04EC0-301F-11D3-BF4B-00C04F79EFBC}") = "Unity.AI.Navigation.Updater", "Unity.AI.Navigation.Updater.csproj", "{62416E10-CA60-E358-377E-054B90DB9DB8}"
EndProject
Project("{FAE04EC0-301F-11D3-BF4B-00C04F79EFBC}") = "UnityEditor.UI", "UnityEditor.UI.csproj", "{9E952865-848D-E7E4-FB27-54496D66E9FD}"
EndProject
Project("{FAE04EC0-301F-11D3-BF4B-00C04F79EFBC}") = "Unity.AI.Navigation.Editor", "Unity.AI.Navigation.Editor.csproj", "{73F6608A-B87F-3C0F-0203-305049EC707F}"
EndProject
Project("{FAE04EC0-301F-11D3-BF4B-00C04F79EFBC}") = "Unity.Multiplayer.Center.Common", "Unity.Multiplayer.Center.Common.csproj", "{A42ACB50-9BDC-2C36-C478-661CFFE807D9}"
EndProject
Project("{FAE04EC0-301F-11D3-BF4B-00C04F79EFBC}") = "Unity.InputSystem.ForUI", "Unity.InputSystem.ForUI.csproj", "{62295FB6-8958-6D87-330D-FF4A37D8E5A8}"
EndProject
Project("{FAE04EC0-301F-11D3-BF4B-00C04F79EFBC}") = "Assembly-CSharp", "Assembly-CSharp.csproj", "{ACE255D6-3999-A0B1-50D0-D691020BFEA2}"
EndProject
Project("{FAE04EC0-301F-11D3-BF4B-00C04F79EFBC}") = "Unity.AI.Navigation", "Unity.AI.Navigation.csproj", "{83EC3E7C-B539-2438-E431-2D194112E3F2}"
EndProject
Project("{FAE04EC0-301F-11D3-BF4B-00C04F79EFBC}") = "Unity.Collections.CodeGen", "Unity.Collections.CodeGen.csproj", "{8CA239E5-DA44-432F-F463-07551D2C516F}"
EndProject
Project("{FAE04EC0-301F-11D3-BF4B-00C04F79EFBC}") = "Unity.Mathematics.Editor", "Unity.Mathematics.Editor.csproj", "{B62659F1-F91B-4120-7157-790A0189DE42}"
EndProject
Project("{FAE04EC0-301F-11D3-BF4B-00C04F79EFBC}") = "Unity.VisualScripting.SettingsProvider.Editor", "Unity.VisualScripting.SettingsProvider.Editor.csproj", "{92B77783-5E1F-3EB0-C223-02D28C01124D}"
EndProject
Project("{FAE04EC0-301F-11D3-BF4B-00C04F79EFBC}") = "Shared", "Shared.csproj", "{5B60FE28-0D6B-EC65-2187-5CE328B0D114}"
EndProject
Project("{FAE04EC0-301F-11D3-BF4B-00C04F79EFBC}") = "Unity.InputSystem.TestFramework", "Unity.InputSystem.TestFramework.csproj", "{27C843B1-AE6E-D78D-69A1-CFD4BA0CE5B6}"
EndProject
Project("{FAE04EC0-301F-11D3-BF4B-00C04F79EFBC}") = "Unity.ShaderGraph.Utilities", "Unity.ShaderGraph.Utilities.csproj", "{A30591F2-930D-7340-7824-FD4CB009E429}"
EndProject
Project("{FAE04EC0-301F-11D3-BF4B-00C04F79EFBC}") = "Unity.VisualScripting.Shared.Editor", "Unity.VisualScripting.Shared.Editor.csproj", "{70583A1A-141F-1D8D-3226-2082A1667E6D}"
EndProject
Project("{FAE04EC0-301F-11D3-BF4B-00C04F79EFBC}") = "Unity.RenderPipeline.Universal.ShaderLibrary", "Unity.RenderPipeline.Universal.ShaderLibrary.csproj", "{1FBAA35C-3799-483D-9D39-E595C56C130C}"
EndProject
Project("{FAE04EC0-301F-11D3-BF4B-00C04F79EFBC}") = "Events", "Events.csproj", "{E65029FA-14DF-2913-D2FD-13670D85E867}"
EndProject
Project("{FAE04EC0-301F-11D3-BF4B-00C04F79EFBC}") = "Unity.Rendering.LightTransport.Editor", "Unity.Rendering.LightTransport.Editor.csproj", "{C6A87BCA-F782-AB56-5FF0-39760A366DA2}"
EndProject
Project("{FAE04EC0-301F-11D3-BF4B-00C04F79EFBC}") = "Unity.InputSystem.DocCodeSamples", "Unity.InputSystem.DocCodeSamples.csproj", "{AD1F2F93-402A-4073-8720-6A6DEC92E5C0}"
EndProject
Project("{FAE04EC0-301F-11D3-BF4B-00C04F79EFBC}") = "Unity.RenderPipelines.Universal.Shaders", "Unity.RenderPipelines.Universal.Shaders.csproj", "{771C486B-2890-F4CC-8FEA-EA8430D260E9}"
EndProject
Project("{FAE04EC0-301F-11D3-BF4B-00C04F79EFBC}") = "Unity.RenderPipelines.Core.Runtime.Shared", "Unity.RenderPipelines.Core.Runtime.Shared.csproj", "{22F7EA9F-B2F6-5F43-8E86-8E39652348F4}"
EndProject
Project("{FAE04EC0-301F-11D3-BF4B-00C04F79EFBC}") = "Unity.PlasticSCM.Editor.Entities", "Unity.PlasticSCM.Editor.Entities.csproj", "{E08DA5BB-BE91-6016-2205-CCDB9BE3489F}"
EndProject
Project("{FAE04EC0-301F-11D3-BF4B-00C04F79EFBC}") = "Unity.Collections.Editor", "Unity.Collections.Editor.csproj", "{A03EC806-76A6-9EF2-C66D-A705AB5AB480}"
EndProject
Project("{FAE04EC0-301F-11D3-BF4B-00C04F79EFBC}") = "Unity.RenderPipelines.Universal.Config.Runtime", "Unity.RenderPipelines.Universal.Config.Runtime.csproj", "{E10DE900-862A-3704-D274-41C5885559A8}"
EndProject
Project("{FAE04EC0-301F-11D3-BF4B-00C04F79EFBC}") = "Unity.RenderPipelines.ShaderGraph.ShaderGraphLibrary", "Unity.RenderPipelines.ShaderGraph.ShaderGraphLibrary.csproj", "{8839D3FF-94AE-F9FC-FFA6-0F9FF3D1F89B}"
EndProject
Project("{FAE04EC0-301F-11D3-BF4B-00C04F79EFBC}") = "Unity.RenderPipelines.Core.ShaderLibrary", "Unity.RenderPipelines.Core.ShaderLibrary.csproj", "{FF43ECC4-4226-F310-0690-61DE384414B3}"
EndProject
Project("{FAE04EC0-301F-11D3-BF4B-00C04F79EFBC}") = "Unity.RenderPipelines.Core.Editor.Shared", "Unity.RenderPipelines.Core.Editor.Shared.csproj", "{A8D6311E-CFDA-2497-F818-1A0067337985}"
EndProject
Global
	GlobalSection(SolutionConfigurationPlatforms) = preSolution
		Debug|Any CPU = Debug|Any CPU
		Release|Any CPU = Release|Any CPU
	EndGlobalSection
	GlobalSection(ProjectConfigurationPlatforms) = postSolution
		{C36DDE52-7107-60BF-BE94-80B18C770B86}.Debug|Any CPU.ActiveCfg = Debug|Any CPU
		{C36DDE52-7107-60BF-BE94-80B18C770B86}.Debug|Any CPU.Build.0 = Debug|Any CPU
		{C36DDE52-7107-60BF-BE94-80B18C770B86}.Release|Any CPU.ActiveCfg = Release|Any CPU
		{C36DDE52-7107-60BF-BE94-80B18C770B86}.Release|Any CPU.Build.0 = Release|Any CPU
		{6D4212D9-2858-4DAC-EA55-B800D49E41DA}.Debug|Any CPU.ActiveCfg = Debug|Any CPU
		{6D4212D9-2858-4DAC-EA55-B800D49E41DA}.Debug|Any CPU.Build.0 = Debug|Any CPU
		{6D4212D9-2858-4DAC-EA55-B800D49E41DA}.Release|Any CPU.ActiveCfg = Release|Any CPU
		{6D4212D9-2858-4DAC-EA55-B800D49E41DA}.Release|Any CPU.Build.0 = Release|Any CPU
		{D3152F1B-A6AB-8847-0EE4-A66AF872044B}.Debug|Any CPU.ActiveCfg = Debug|Any CPU
		{D3152F1B-A6AB-8847-0EE4-A66AF872044B}.Debug|Any CPU.Build.0 = Debug|Any CPU
		{D3152F1B-A6AB-8847-0EE4-A66AF872044B}.Release|Any CPU.ActiveCfg = Release|Any CPU
		{D3152F1B-A6AB-8847-0EE4-A66AF872044B}.Release|Any CPU.Build.0 = Release|Any CPU
		{2BC6977E-B781-1563-B23B-29276428CDBC}.Debug|Any CPU.ActiveCfg = Debug|Any CPU
		{2BC6977E-B781-1563-B23B-29276428CDBC}.Debug|Any CPU.Build.0 = Debug|Any CPU
		{2BC6977E-B781-1563-B23B-29276428CDBC}.Release|Any CPU.ActiveCfg = Release|Any CPU
		{2BC6977E-B781-1563-B23B-29276428CDBC}.Release|Any CPU.Build.0 = Release|Any CPU
		{0F54C32C-9FC7-F450-8840-05D463A1AA51}.Debug|Any CPU.ActiveCfg = Debug|Any CPU
		{0F54C32C-9FC7-F450-8840-05D463A1AA51}.Debug|Any CPU.Build.0 = Debug|Any CPU
		{0F54C32C-9FC7-F450-8840-05D463A1AA51}.Release|Any CPU.ActiveCfg = Release|Any CPU
		{0F54C32C-9FC7-F450-8840-05D463A1AA51}.Release|Any CPU.Build.0 = Release|Any CPU
		{18796553-CFDB-BF6E-E972-3F0463C70AAE}.Debug|Any CPU.ActiveCfg = Debug|Any CPU
		{18796553-CFDB-BF6E-E972-3F0463C70AAE}.Debug|Any CPU.Build.0 = Debug|Any CPU
		{18796553-CFDB-BF6E-E972-3F0463C70AAE}.Release|Any CPU.ActiveCfg = Release|Any CPU
		{18796553-CFDB-BF6E-E972-3F0463C70AAE}.Release|Any CPU.Build.0 = Release|Any CPU
		{E5D13B66-DCF4-4F70-F7EC-EDA78535931C}.Debug|Any CPU.ActiveCfg = Debug|Any CPU
		{E5D13B66-DCF4-4F70-F7EC-EDA78535931C}.Debug|Any CPU.Build.0 = Debug|Any CPU
		{E5D13B66-DCF4-4F70-F7EC-EDA78535931C}.Release|Any CPU.ActiveCfg = Release|Any CPU
		{E5D13B66-DCF4-4F70-F7EC-EDA78535931C}.Release|Any CPU.Build.0 = Release|Any CPU
		{F0699A14-0FA2-4A0B-CE79-C7E7BDC9FFE7}.Debug|Any CPU.ActiveCfg = Debug|Any CPU
		{F0699A14-0FA2-4A0B-CE79-C7E7BDC9FFE7}.Debug|Any CPU.Build.0 = Debug|Any CPU
		{F0699A14-0FA2-4A0B-CE79-C7E7BDC9FFE7}.Release|Any CPU.ActiveCfg = Release|Any CPU
		{F0699A14-0FA2-4A0B-CE79-C7E7BDC9FFE7}.Release|Any CPU.Build.0 = Release|Any CPU
		{22C817FA-0771-3970-B83A-73121D93EA48}.Debug|Any CPU.ActiveCfg = Debug|Any CPU
		{22C817FA-0771-3970-B83A-73121D93EA48}.Debug|Any CPU.Build.0 = Debug|Any CPU
		{22C817FA-0771-3970-B83A-73121D93EA48}.Release|Any CPU.ActiveCfg = Release|Any CPU
		{22C817FA-0771-3970-B83A-73121D93EA48}.Release|Any CPU.Build.0 = Release|Any CPU
		{3373EA60-1F92-2C53-C92C-4D2C6956F5D6}.Debug|Any CPU.ActiveCfg = Debug|Any CPU
		{3373EA60-1F92-2C53-C92C-4D2C6956F5D6}.Debug|Any CPU.Build.0 = Debug|Any CPU
		{3373EA60-1F92-2C53-C92C-4D2C6956F5D6}.Release|Any CPU.ActiveCfg = Release|Any CPU
		{3373EA60-1F92-2C53-C92C-4D2C6956F5D6}.Release|Any CPU.Build.0 = Release|Any CPU
		{38274531-4CC0-ED55-6A82-07B29759A930}.Debug|Any CPU.ActiveCfg = Debug|Any CPU
		{38274531-4CC0-ED55-6A82-07B29759A930}.Debug|Any CPU.Build.0 = Debug|Any CPU
		{38274531-4CC0-ED55-6A82-07B29759A930}.Release|Any CPU.ActiveCfg = Release|Any CPU
		{38274531-4CC0-ED55-6A82-07B29759A930}.Release|Any CPU.Build.0 = Release|Any CPU
		{4C7A6315-6AAA-6886-CBEB-D796A95E1D23}.Debug|Any CPU.ActiveCfg = Debug|Any CPU
		{4C7A6315-6AAA-6886-CBEB-D796A95E1D23}.Debug|Any CPU.Build.0 = Debug|Any CPU
		{4C7A6315-6AAA-6886-CBEB-D796A95E1D23}.Release|Any CPU.ActiveCfg = Release|Any CPU
		{4C7A6315-6AAA-6886-CBEB-D796A95E1D23}.Release|Any CPU.Build.0 = Release|Any CPU
		{8A815EEC-CEAC-052B-0E9D-F7216446CB24}.Debug|Any CPU.ActiveCfg = Debug|Any CPU
		{8A815EEC-CEAC-052B-0E9D-F7216446CB24}.Debug|Any CPU.Build.0 = Debug|Any CPU
		{8A815EEC-CEAC-052B-0E9D-F7216446CB24}.Release|Any CPU.ActiveCfg = Release|Any CPU
		{8A815EEC-CEAC-052B-0E9D-F7216446CB24}.Release|Any CPU.Build.0 = Release|Any CPU
		{D9399EAC-A73B-CAE7-500C-49BC75EACB8F}.Debug|Any CPU.ActiveCfg = Debug|Any CPU
		{D9399EAC-A73B-CAE7-500C-49BC75EACB8F}.Debug|Any CPU.Build.0 = Debug|Any CPU
		{D9399EAC-A73B-CAE7-500C-49BC75EACB8F}.Release|Any CPU.ActiveCfg = Release|Any CPU
		{D9399EAC-A73B-CAE7-500C-49BC75EACB8F}.Release|Any CPU.Build.0 = Release|Any CPU
		{85B981F7-3062-10E6-A965-207C9E13AFD3}.Debug|Any CPU.ActiveCfg = Debug|Any CPU
		{85B981F7-3062-10E6-A965-207C9E13AFD3}.Debug|Any CPU.Build.0 = Debug|Any CPU
		{85B981F7-3062-10E6-A965-207C9E13AFD3}.Release|Any CPU.ActiveCfg = Release|Any CPU
		{85B981F7-3062-10E6-A965-207C9E13AFD3}.Release|Any CPU.Build.0 = Release|Any CPU
		{0362FB80-E575-EE94-8798-BD49D1B6E4F4}.Debug|Any CPU.ActiveCfg = Debug|Any CPU
		{0362FB80-E575-EE94-8798-BD49D1B6E4F4}.Debug|Any CPU.Build.0 = Debug|Any CPU
		{0362FB80-E575-EE94-8798-BD49D1B6E4F4}.Release|Any CPU.ActiveCfg = Release|Any CPU
		{0362FB80-E575-EE94-8798-BD49D1B6E4F4}.Release|Any CPU.Build.0 = Release|Any CPU
		{684FFA00-6C01-960F-3D23-042876CA94C1}.Debug|Any CPU.ActiveCfg = Debug|Any CPU
		{684FFA00-6C01-960F-3D23-042876CA94C1}.Debug|Any CPU.Build.0 = Debug|Any CPU
		{684FFA00-6C01-960F-3D23-042876CA94C1}.Release|Any CPU.ActiveCfg = Release|Any CPU
		{684FFA00-6C01-960F-3D23-042876CA94C1}.Release|Any CPU.Build.0 = Release|Any CPU
		{D2FD4172-7FE2-ACF5-A154-607B7D86A56C}.Debug|Any CPU.ActiveCfg = Debug|Any CPU
		{D2FD4172-7FE2-ACF5-A154-607B7D86A56C}.Debug|Any CPU.Build.0 = Debug|Any CPU
		{D2FD4172-7FE2-ACF5-A154-607B7D86A56C}.Release|Any CPU.ActiveCfg = Release|Any CPU
		{D2FD4172-7FE2-ACF5-A154-607B7D86A56C}.Release|Any CPU.Build.0 = Release|Any CPU
		{DE43A1B1-B9A8-08C8-2C2C-2EA90EC23672}.Debug|Any CPU.ActiveCfg = Debug|Any CPU
		{DE43A1B1-B9A8-08C8-2C2C-2EA90EC23672}.Debug|Any CPU.Build.0 = Debug|Any CPU
		{DE43A1B1-B9A8-08C8-2C2C-2EA90EC23672}.Release|Any CPU.ActiveCfg = Release|Any CPU
		{DE43A1B1-B9A8-08C8-2C2C-2EA90EC23672}.Release|Any CPU.Build.0 = Release|Any CPU
		{D172D444-B46C-D8AF-47F5-C817F77CE4EB}.Debug|Any CPU.ActiveCfg = Debug|Any CPU
		{D172D444-B46C-D8AF-47F5-C817F77CE4EB}.Debug|Any CPU.Build.0 = Debug|Any CPU
		{D172D444-B46C-D8AF-47F5-C817F77CE4EB}.Release|Any CPU.ActiveCfg = Release|Any CPU
		{D172D444-B46C-D8AF-47F5-C817F77CE4EB}.Release|Any CPU.Build.0 = Release|Any CPU
		{BB49149A-7F0A-909D-5607-DF4B5B7EA316}.Debug|Any CPU.ActiveCfg = Debug|Any CPU
		{BB49149A-7F0A-909D-5607-DF4B5B7EA316}.Debug|Any CPU.Build.0 = Debug|Any CPU
		{BB49149A-7F0A-909D-5607-DF4B5B7EA316}.Release|Any CPU.ActiveCfg = Release|Any CPU
		{BB49149A-7F0A-909D-5607-DF4B5B7EA316}.Release|Any CPU.Build.0 = Release|Any CPU
		{CED091F8-880C-27B6-5123-3F4E48E82C6D}.Debug|Any CPU.ActiveCfg = Debug|Any CPU
		{CED091F8-880C-27B6-5123-3F4E48E82C6D}.Debug|Any CPU.Build.0 = Debug|Any CPU
		{CED091F8-880C-27B6-5123-3F4E48E82C6D}.Release|Any CPU.ActiveCfg = Release|Any CPU
		{CED091F8-880C-27B6-5123-3F4E48E82C6D}.Release|Any CPU.Build.0 = Release|Any CPU
		{007D159A-560E-8EB0-AE32-4446E1EB1715}.Debug|Any CPU.ActiveCfg = Debug|Any CPU
		{007D159A-560E-8EB0-AE32-4446E1EB1715}.Debug|Any CPU.Build.0 = Debug|Any CPU
		{007D159A-560E-8EB0-AE32-4446E1EB1715}.Release|Any CPU.ActiveCfg = Release|Any CPU
		{007D159A-560E-8EB0-AE32-4446E1EB1715}.Release|Any CPU.Build.0 = Release|Any CPU
		{E98D4E65-8382-59FB-639D-7DE082948566}.Debug|Any CPU.ActiveCfg = Debug|Any CPU
		{E98D4E65-8382-59FB-639D-7DE082948566}.Debug|Any CPU.Build.0 = Debug|Any CPU
		{E98D4E65-8382-59FB-639D-7DE082948566}.Release|Any CPU.ActiveCfg = Release|Any CPU
		{E98D4E65-8382-59FB-639D-7DE082948566}.Release|Any CPU.Build.0 = Release|Any CPU
		{D64F94D3-375E-2E29-9C25-EDE2C786D4DB}.Debug|Any CPU.ActiveCfg = Debug|Any CPU
		{D64F94D3-375E-2E29-9C25-EDE2C786D4DB}.Debug|Any CPU.Build.0 = Debug|Any CPU
		{D64F94D3-375E-2E29-9C25-EDE2C786D4DB}.Release|Any CPU.ActiveCfg = Release|Any CPU
		{D64F94D3-375E-2E29-9C25-EDE2C786D4DB}.Release|Any CPU.Build.0 = Release|Any CPU
		{AA7CE881-2093-3F13-C4F1-B907BC0C481F}.Debug|Any CPU.ActiveCfg = Debug|Any CPU
		{AA7CE881-2093-3F13-C4F1-B907BC0C481F}.Debug|Any CPU.Build.0 = Debug|Any CPU
		{AA7CE881-2093-3F13-C4F1-B907BC0C481F}.Release|Any CPU.ActiveCfg = Release|Any CPU
		{AA7CE881-2093-3F13-C4F1-B907BC0C481F}.Release|Any CPU.Build.0 = Release|Any CPU
		{37F31A08-04F5-5DA6-115F-28EFEF5AE52B}.Debug|Any CPU.ActiveCfg = Debug|Any CPU
		{37F31A08-04F5-5DA6-115F-28EFEF5AE52B}.Debug|Any CPU.Build.0 = Debug|Any CPU
		{37F31A08-04F5-5DA6-115F-28EFEF5AE52B}.Release|Any CPU.ActiveCfg = Release|Any CPU
		{37F31A08-04F5-5DA6-115F-28EFEF5AE52B}.Release|Any CPU.Build.0 = Release|Any CPU
		{BACC1101-42D2-8D08-78F4-53016E72D69B}.Debug|Any CPU.ActiveCfg = Debug|Any CPU
		{BACC1101-42D2-8D08-78F4-53016E72D69B}.Debug|Any CPU.Build.0 = Debug|Any CPU
		{BACC1101-42D2-8D08-78F4-53016E72D69B}.Release|Any CPU.ActiveCfg = Release|Any CPU
		{BACC1101-42D2-8D08-78F4-53016E72D69B}.Release|Any CPU.Build.0 = Release|Any CPU
		{AECF3CC9-1D58-40D0-7570-1BC92E1D808B}.Debug|Any CPU.ActiveCfg = Debug|Any CPU
		{AECF3CC9-1D58-40D0-7570-1BC92E1D808B}.Debug|Any CPU.Build.0 = Debug|Any CPU
		{AECF3CC9-1D58-40D0-7570-1BC92E1D808B}.Release|Any CPU.ActiveCfg = Release|Any CPU
		{AECF3CC9-1D58-40D0-7570-1BC92E1D808B}.Release|Any CPU.Build.0 = Release|Any CPU
		{D8B5A9E3-898E-1BF5-F1A2-AF7836832D71}.Debug|Any CPU.ActiveCfg = Debug|Any CPU
		{D8B5A9E3-898E-1BF5-F1A2-AF7836832D71}.Debug|Any CPU.Build.0 = Debug|Any CPU
		{D8B5A9E3-898E-1BF5-F1A2-AF7836832D71}.Release|Any CPU.ActiveCfg = Release|Any CPU
		{D8B5A9E3-898E-1BF5-F1A2-AF7836832D71}.Release|Any CPU.Build.0 = Release|Any CPU
		{ECFD9021-94D2-54B8-7064-34A5FC93F50A}.Debug|Any CPU.ActiveCfg = Debug|Any CPU
		{ECFD9021-94D2-54B8-7064-34A5FC93F50A}.Debug|Any CPU.Build.0 = Debug|Any CPU
		{ECFD9021-94D2-54B8-7064-34A5FC93F50A}.Release|Any CPU.ActiveCfg = Release|Any CPU
		{ECFD9021-94D2-54B8-7064-34A5FC93F50A}.Release|Any CPU.Build.0 = Release|Any CPU
		{9A5242D3-F826-9A8D-94BD-2E55C9C7B03A}.Debug|Any CPU.ActiveCfg = Debug|Any CPU
		{9A5242D3-F826-9A8D-94BD-2E55C9C7B03A}.Debug|Any CPU.Build.0 = Debug|Any CPU
		{9A5242D3-F826-9A8D-94BD-2E55C9C7B03A}.Release|Any CPU.ActiveCfg = Release|Any CPU
		{9A5242D3-F826-9A8D-94BD-2E55C9C7B03A}.Release|Any CPU.Build.0 = Release|Any CPU
		{44AF472D-C66D-4BFC-EFD5-53D19EB7DBE3}.Debug|Any CPU.ActiveCfg = Debug|Any CPU
		{44AF472D-C66D-4BFC-EFD5-53D19EB7DBE3}.Debug|Any CPU.Build.0 = Debug|Any CPU
		{44AF472D-C66D-4BFC-EFD5-53D19EB7DBE3}.Release|Any CPU.ActiveCfg = Release|Any CPU
		{44AF472D-C66D-4BFC-EFD5-53D19EB7DBE3}.Release|Any CPU.Build.0 = Release|Any CPU
		{9C5E56EB-9F39-7ACF-E94C-57C717F0F44C}.Debug|Any CPU.ActiveCfg = Debug|Any CPU
		{9C5E56EB-9F39-7ACF-E94C-57C717F0F44C}.Debug|Any CPU.Build.0 = Debug|Any CPU
		{9C5E56EB-9F39-7ACF-E94C-57C717F0F44C}.Release|Any CPU.ActiveCfg = Release|Any CPU
		{9C5E56EB-9F39-7ACF-E94C-57C717F0F44C}.Release|Any CPU.Build.0 = Release|Any CPU
		{7F8AFE5D-F1C1-1114-FFAF-A66B8CD866D8}.Debug|Any CPU.ActiveCfg = Debug|Any CPU
		{7F8AFE5D-F1C1-1114-FFAF-A66B8CD866D8}.Debug|Any CPU.Build.0 = Debug|Any CPU
		{7F8AFE5D-F1C1-1114-FFAF-A66B8CD866D8}.Release|Any CPU.ActiveCfg = Release|Any CPU
		{7F8AFE5D-F1C1-1114-FFAF-A66B8CD866D8}.Release|Any CPU.Build.0 = Release|Any CPU
		{B2BAF9FD-C5B7-673B-A792-1E7D2DC11243}.Debug|Any CPU.ActiveCfg = Debug|Any CPU
		{B2BAF9FD-C5B7-673B-A792-1E7D2DC11243}.Debug|Any CPU.Build.0 = Debug|Any CPU
		{B2BAF9FD-C5B7-673B-A792-1E7D2DC11243}.Release|Any CPU.ActiveCfg = Release|Any CPU
		{B2BAF9FD-C5B7-673B-A792-1E7D2DC11243}.Release|Any CPU.Build.0 = Release|Any CPU
		{407E0406-BD06-67CA-E977-0DEB7C22DD7A}.Debug|Any CPU.ActiveCfg = Debug|Any CPU
		{407E0406-BD06-67CA-E977-0DEB7C22DD7A}.Debug|Any CPU.Build.0 = Debug|Any CPU
		{407E0406-BD06-67CA-E977-0DEB7C22DD7A}.Release|Any CPU.ActiveCfg = Release|Any CPU
		{407E0406-BD06-67CA-E977-0DEB7C22DD7A}.Release|Any CPU.Build.0 = Release|Any CPU
		{62416E10-CA60-E358-377E-054B90DB9DB8}.Debug|Any CPU.ActiveCfg = Debug|Any CPU
		{62416E10-CA60-E358-377E-054B90DB9DB8}.Debug|Any CPU.Build.0 = Debug|Any CPU
		{62416E10-CA60-E358-377E-054B90DB9DB8}.Release|Any CPU.ActiveCfg = Release|Any CPU
		{62416E10-CA60-E358-377E-054B90DB9DB8}.Release|Any CPU.Build.0 = Release|Any CPU
		{9E952865-848D-E7E4-FB27-54496D66E9FD}.Debug|Any CPU.ActiveCfg = Debug|Any CPU
		{9E952865-848D-E7E4-FB27-54496D66E9FD}.Debug|Any CPU.Build.0 = Debug|Any CPU
		{9E952865-848D-E7E4-FB27-54496D66E9FD}.Release|Any CPU.ActiveCfg = Release|Any CPU
		{9E952865-848D-E7E4-FB27-54496D66E9FD}.Release|Any CPU.Build.0 = Release|Any CPU
		{73F6608A-B87F-3C0F-0203-305049EC707F}.Debug|Any CPU.ActiveCfg = Debug|Any CPU
		{73F6608A-B87F-3C0F-0203-305049EC707F}.Debug|Any CPU.Build.0 = Debug|Any CPU
		{73F6608A-B87F-3C0F-0203-305049EC707F}.Release|Any CPU.ActiveCfg = Release|Any CPU
		{73F6608A-B87F-3C0F-0203-305049EC707F}.Release|Any CPU.Build.0 = Release|Any CPU
		{A42ACB50-9BDC-2C36-C478-661CFFE807D9}.Debug|Any CPU.ActiveCfg = Debug|Any CPU
		{A42ACB50-9BDC-2C36-C478-661CFFE807D9}.Debug|Any CPU.Build.0 = Debug|Any CPU
		{A42ACB50-9BDC-2C36-C478-661CFFE807D9}.Release|Any CPU.ActiveCfg = Release|Any CPU
		{A42ACB50-9BDC-2C36-C478-661CFFE807D9}.Release|Any CPU.Build.0 = Release|Any CPU
		{62295FB6-8958-6D87-330D-FF4A37D8E5A8}.Debug|Any CPU.ActiveCfg = Debug|Any CPU
		{62295FB6-8958-6D87-330D-FF4A37D8E5A8}.Debug|Any CPU.Build.0 = Debug|Any CPU
		{62295FB6-8958-6D87-330D-FF4A37D8E5A8}.Release|Any CPU.ActiveCfg = Release|Any CPU
		{62295FB6-8958-6D87-330D-FF4A37D8E5A8}.Release|Any CPU.Build.0 = Release|Any CPU
		{ACE255D6-3999-A0B1-50D0-D691020BFEA2}.Debug|Any CPU.ActiveCfg = Debug|Any CPU
		{ACE255D6-3999-A0B1-50D0-D691020BFEA2}.Debug|Any CPU.Build.0 = Debug|Any CPU
		{ACE255D6-3999-A0B1-50D0-D691020BFEA2}.Release|Any CPU.ActiveCfg = Release|Any CPU
		{ACE255D6-3999-A0B1-50D0-D691020BFEA2}.Release|Any CPU.Build.0 = Release|Any CPU
		{83EC3E7C-B539-2438-E431-2D194112E3F2}.Debug|Any CPU.ActiveCfg = Debug|Any CPU
		{83EC3E7C-B539-2438-E431-2D194112E3F2}.Debug|Any CPU.Build.0 = Debug|Any CPU
		{83EC3E7C-B539-2438-E431-2D194112E3F2}.Release|Any CPU.ActiveCfg = Release|Any CPU
		{83EC3E7C-B539-2438-E431-2D194112E3F2}.Release|Any CPU.Build.0 = Release|Any CPU
		{8CA239E5-DA44-432F-F463-07551D2C516F}.Debug|Any CPU.ActiveCfg = Debug|Any CPU
		{8CA239E5-DA44-432F-F463-07551D2C516F}.Debug|Any CPU.Build.0 = Debug|Any CPU
		{8CA239E5-DA44-432F-F463-07551D2C516F}.Release|Any CPU.ActiveCfg = Release|Any CPU
		{8CA239E5-DA44-432F-F463-07551D2C516F}.Release|Any CPU.Build.0 = Release|Any CPU
		{B62659F1-F91B-4120-7157-790A0189DE42}.Debug|Any CPU.ActiveCfg = Debug|Any CPU
		{B62659F1-F91B-4120-7157-790A0189DE42}.Debug|Any CPU.Build.0 = Debug|Any CPU
		{B62659F1-F91B-4120-7157-790A0189DE42}.Release|Any CPU.ActiveCfg = Release|Any CPU
		{B62659F1-F91B-4120-7157-790A0189DE42}.Release|Any CPU.Build.0 = Release|Any CPU
		{92B77783-5E1F-3EB0-C223-02D28C01124D}.Debug|Any CPU.ActiveCfg = Debug|Any CPU
		{92B77783-5E1F-3EB0-C223-02D28C01124D}.Debug|Any CPU.Build.0 = Debug|Any CPU
		{92B77783-5E1F-3EB0-C223-02D28C01124D}.Release|Any CPU.ActiveCfg = Release|Any CPU
		{92B77783-5E1F-3EB0-C223-02D28C01124D}.Release|Any CPU.Build.0 = Release|Any CPU
		{5B60FE28-0D6B-EC65-2187-5CE328B0D114}.Debug|Any CPU.ActiveCfg = Debug|Any CPU
		{5B60FE28-0D6B-EC65-2187-5CE328B0D114}.Debug|Any CPU.Build.0 = Debug|Any CPU
		{5B60FE28-0D6B-EC65-2187-5CE328B0D114}.Release|Any CPU.ActiveCfg = Release|Any CPU
		{5B60FE28-0D6B-EC65-2187-5CE328B0D114}.Release|Any CPU.Build.0 = Release|Any CPU
		{27C843B1-AE6E-D78D-69A1-CFD4BA0CE5B6}.Debug|Any CPU.ActiveCfg = Debug|Any CPU
		{27C843B1-AE6E-D78D-69A1-CFD4BA0CE5B6}.Debug|Any CPU.Build.0 = Debug|Any CPU
		{27C843B1-AE6E-D78D-69A1-CFD4BA0CE5B6}.Release|Any CPU.ActiveCfg = Release|Any CPU
		{27C843B1-AE6E-D78D-69A1-CFD4BA0CE5B6}.Release|Any CPU.Build.0 = Release|Any CPU
		{A30591F2-930D-7340-7824-FD4CB009E429}.Debug|Any CPU.ActiveCfg = Debug|Any CPU
		{A30591F2-930D-7340-7824-FD4CB009E429}.Debug|Any CPU.Build.0 = Debug|Any CPU
		{A30591F2-930D-7340-7824-FD4CB009E429}.Release|Any CPU.ActiveCfg = Release|Any CPU
		{A30591F2-930D-7340-7824-FD4CB009E429}.Release|Any CPU.Build.0 = Release|Any CPU
		{70583A1A-141F-1D8D-3226-2082A1667E6D}.Debug|Any CPU.ActiveCfg = Debug|Any CPU
		{70583A1A-141F-1D8D-3226-2082A1667E6D}.Debug|Any CPU.Build.0 = Debug|Any CPU
		{70583A1A-141F-1D8D-3226-2082A1667E6D}.Release|Any CPU.ActiveCfg = Release|Any CPU
		{70583A1A-141F-1D8D-3226-2082A1667E6D}.Release|Any CPU.Build.0 = Release|Any CPU
		{1FBAA35C-3799-483D-9D39-E595C56C130C}.Debug|Any CPU.ActiveCfg = Debug|Any CPU
		{1FBAA35C-3799-483D-9D39-E595C56C130C}.Debug|Any CPU.Build.0 = Debug|Any CPU
		{1FBAA35C-3799-483D-9D39-E595C56C130C}.Release|Any CPU.ActiveCfg = Release|Any CPU
		{1FBAA35C-3799-483D-9D39-E595C56C130C}.Release|Any CPU.Build.0 = Release|Any CPU
		{E65029FA-14DF-2913-D2FD-13670D85E867}.Debug|Any CPU.ActiveCfg = Debug|Any CPU
		{E65029FA-14DF-2913-D2FD-13670D85E867}.Debug|Any CPU.Build.0 = Debug|Any CPU
		{E65029FA-14DF-2913-D2FD-13670D85E867}.Release|Any CPU.ActiveCfg = Release|Any CPU
		{E65029FA-14DF-2913-D2FD-13670D85E867}.Release|Any CPU.Build.0 = Release|Any CPU
		{C6A87BCA-F782-AB56-5FF0-39760A366DA2}.Debug|Any CPU.ActiveCfg = Debug|Any CPU
		{C6A87BCA-F782-AB56-5FF0-39760A366DA2}.Debug|Any CPU.Build.0 = Debug|Any CPU
		{C6A87BCA-F782-AB56-5FF0-39760A366DA2}.Release|Any CPU.ActiveCfg = Release|Any CPU
		{C6A87BCA-F782-AB56-5FF0-39760A366DA2}.Release|Any CPU.Build.0 = Release|Any CPU
		{AD1F2F93-402A-4073-8720-6A6DEC92E5C0}.Debug|Any CPU.ActiveCfg = Debug|Any CPU
		{AD1F2F93-402A-4073-8720-6A6DEC92E5C0}.Debug|Any CPU.Build.0 = Debug|Any CPU
		{AD1F2F93-402A-4073-8720-6A6DEC92E5C0}.Release|Any CPU.ActiveCfg = Release|Any CPU
		{AD1F2F93-402A-4073-8720-6A6DEC92E5C0}.Release|Any CPU.Build.0 = Release|Any CPU
		{771C486B-2890-F4CC-8FEA-EA8430D260E9}.Debug|Any CPU.ActiveCfg = Debug|Any CPU
		{771C486B-2890-F4CC-8FEA-EA8430D260E9}.Debug|Any CPU.Build.0 = Debug|Any CPU
		{771C486B-2890-F4CC-8FEA-EA8430D260E9}.Release|Any CPU.ActiveCfg = Release|Any CPU
		{771C486B-2890-F4CC-8FEA-EA8430D260E9}.Release|Any CPU.Build.0 = Release|Any CPU
		{22F7EA9F-B2F6-5F43-8E86-8E39652348F4}.Debug|Any CPU.ActiveCfg = Debug|Any CPU
		{22F7EA9F-B2F6-5F43-8E86-8E39652348F4}.Debug|Any CPU.Build.0 = Debug|Any CPU
		{22F7EA9F-B2F6-5F43-8E86-8E39652348F4}.Release|Any CPU.ActiveCfg = Release|Any CPU
		{22F7EA9F-B2F6-5F43-8E86-8E39652348F4}.Release|Any CPU.Build.0 = Release|Any CPU
		{E08DA5BB-BE91-6016-2205-CCDB9BE3489F}.Debug|Any CPU.ActiveCfg = Debug|Any CPU
		{E08DA5BB-BE91-6016-2205-CCDB9BE3489F}.Debug|Any CPU.Build.0 = Debug|Any CPU
		{E08DA5BB-BE91-6016-2205-CCDB9BE3489F}.Release|Any CPU.ActiveCfg = Release|Any CPU
		{E08DA5BB-BE91-6016-2205-CCDB9BE3489F}.Release|Any CPU.Build.0 = Release|Any CPU
		{A03EC806-76A6-9EF2-C66D-A705AB5AB480}.Debug|Any CPU.ActiveCfg = Debug|Any CPU
		{A03EC806-76A6-9EF2-C66D-A705AB5AB480}.Debug|Any CPU.Build.0 = Debug|Any CPU
		{A03EC806-76A6-9EF2-C66D-A705AB5AB480}.Release|Any CPU.ActiveCfg = Release|Any CPU
		{A03EC806-76A6-9EF2-C66D-A705AB5AB480}.Release|Any CPU.Build.0 = Release|Any CPU
		{E10DE900-862A-3704-D274-41C5885559A8}.Debug|Any CPU.ActiveCfg = Debug|Any CPU
		{E10DE900-862A-3704-D274-41C5885559A8}.Debug|Any CPU.Build.0 = Debug|Any CPU
		{E10DE900-862A-3704-D274-41C5885559A8}.Release|Any CPU.ActiveCfg = Release|Any CPU
		{E10DE900-862A-3704-D274-41C5885559A8}.Release|Any CPU.Build.0 = Release|Any CPU
		{8839D3FF-94AE-F9FC-FFA6-0F9FF3D1F89B}.Debug|Any CPU.ActiveCfg = Debug|Any CPU
		{8839D3FF-94AE-F9FC-FFA6-0F9FF3D1F89B}.Debug|Any CPU.Build.0 = Debug|Any CPU
		{8839D3FF-94AE-F9FC-FFA6-0F9FF3D1F89B}.Release|Any CPU.ActiveCfg = Release|Any CPU
		{8839D3FF-94AE-F9FC-FFA6-0F9FF3D1F89B}.Release|Any CPU.Build.0 = Release|Any CPU
		{FF43ECC4-4226-F310-0690-61DE384414B3}.Debug|Any CPU.ActiveCfg = Debug|Any CPU
		{FF43ECC4-4226-F310-0690-61DE384414B3}.Debug|Any CPU.Build.0 = Debug|Any CPU
		{FF43ECC4-4226-F310-0690-61DE384414B3}.Release|Any CPU.ActiveCfg = Release|Any CPU
		{FF43ECC4-4226-F310-0690-61DE384414B3}.Release|Any CPU.Build.0 = Release|Any CPU
		{A8D6311E-CFDA-2497-F818-1A0067337985}.Debug|Any CPU.ActiveCfg = Debug|Any CPU
		{A8D6311E-CFDA-2497-F818-1A0067337985}.Debug|Any CPU.Build.0 = Debug|Any CPU
		{A8D6311E-CFDA-2497-F818-1A0067337985}.Release|Any CPU.ActiveCfg = Release|Any CPU
		{A8D6311E-CFDA-2497-F818-1A0067337985}.Release|Any CPU.Build.0 = Release|Any CPU
	EndGlobalSection
	GlobalSection(SolutionProperties) = preSolution
		HideSolutionNode = FALSE
	EndGlobalSection
EndGlobal
